
Microsoft Visual Studio Solution File, Format Version 12.00
# Visual Studio Version 17
VisualStudioVersion = 17.0.32014.148
MinimumVisualStudioVersion = 10.0.40219.1
Project("{9A19103F-16F7-4668-BE54-9A1E7A4F7556}") = "Infrastructure", "Infrastructure\Infrastructure.csproj", "{E14E7141-744F-4B76-A104-7874524C221B}"
EndProject
Project("{FAE04EC0-301F-11D3-BF4B-00C04F79EFBC}") = "Core", "Core\Core.csproj", "{4A85B803-5B5F-4DDF-B33C-A124323A12D2}"
EndProject
Project("{FAE04EC0-301F-11D3-BF4B-00C04F79EFBC}") = "Common", "Common\Common.csproj", "{190FDEB5-C176-4CED-8A87-A5E316DA5A46}"
EndProject
Project("{FAE04EC0-301F-11D3-BF4B-00C04F79EFBC}") = "Web", "Web\Web.csproj", "{244CACB3-6513-450B-8B76-D455A0D701B6}"
EndProject
Global
	GlobalSection(SolutionConfigurationPlatforms) = preSolution
		Debug|Any CPU = Debug|Any CPU
		Release|Any CPU = Release|Any CPU
	EndGlobalSection
	GlobalSection(ProjectConfigurationPlatforms) = postSolution
		{E14E7141-744F-4B76-A104-7874524C221B}.Debug|Any CPU.ActiveCfg = Debug|Any CPU
		{E14E7141-744F-4B76-A104-7874524C221B}.Debug|Any CPU.Build.0 = Debug|Any CPU
		{E14E7141-744F-4B76-A104-7874524C221B}.Release|Any CPU.ActiveCfg = Release|Any CPU
		{E14E7141-744F-4B76-A104-7874524C221B}.Release|Any CPU.Build.0 = Release|Any CPU
		{4A85B803-5B5F-4DDF-B33C-A124323A12D2}.Debug|Any CPU.ActiveCfg = Debug|Any CPU
		{4A85B803-5B5F-4DDF-B33C-A124323A12D2}.Debug|Any CPU.Build.0 = Debug|Any CPU
		{4A85B803-5B5F-4DDF-B33C-A124323A12D2}.Release|Any CPU.ActiveCfg = Release|Any CPU
		{4A85B803-5B5F-4DDF-B33C-A124323A12D2}.Release|Any CPU.Build.0 = Release|Any CPU
		{190FDEB5-C176-4CED-8A87-A5E316DA5A46}.Debug|Any CPU.ActiveCfg = Debug|Any CPU
		{190FDEB5-C176-4CED-8A87-A5E316DA5A46}.Debug|Any CPU.Build.0 = Debug|Any CPU
		{190FDEB5-C176-4CED-8A87-A5E316DA5A46}.Release|Any CPU.ActiveCfg = Release|Any CPU
		{190FDEB5-C176-4CED-8A87-A5E316DA5A46}.Release|Any CPU.Build.0 = Release|Any CPU
		{244CACB3-6513-450B-8B76-D455A0D701B6}.Debug|Any CPU.ActiveCfg = Debug|Any CPU
		{244CACB3-6513-450B-8B76-D455A0D701B6}.Debug|Any CPU.Build.0 = Debug|Any CPU
		{244CACB3-6513-450B-8B76-D455A0D701B6}.Release|Any CPU.ActiveCfg = Release|Any CPU
		{244CACB3-6513-450B-8B76-D455A0D701B6}.Release|Any CPU.Build.0 = Release|Any CPU
	EndGlobalSection
	GlobalSection(SolutionProperties) = preSolution
		HideSolutionNode = FALSE
	EndGlobalSection
	GlobalSection(ExtensibilityGlobals) = postSolution
		SolutionGuid = {B050A5DC-1E75-4583-A43E-7A4259C5C339}
	EndGlobalSection
EndGlobal
